
Microsoft Visual Studio Solution File, Format Version 12.00
# Visual Studio Version 17
VisualStudioVersion = 17.7.34031.279
MinimumVisualStudioVersion = 10.0.40219.1
Project("{FAE04EC0-301F-11D3-BF4B-00C04F79EFBC}") = "CRUD-4", "CRUD-4.csproj", "{5A532D45-A790-4459-B440-24946E7DC61A}"
EndProject
Global
	GlobalSection(SolutionConfigurationPlatforms) = preSolution
		Debug|Any CPU = Debug|Any CPU
		Release|Any CPU = Release|Any CPU
	EndGlobalSection
	GlobalSection(ProjectConfigurationPlatforms) = postSolution
		{5A532D45-A790-4459-B440-24946E7DC61A}.Debug|Any CPU.ActiveCfg = Debug|Any CPU
		{5A532D45-A790-4459-B440-24946E7DC61A}.Debug|Any CPU.Build.0 = Debug|Any CPU
		{5A532D45-A790-4459-B440-24946E7DC61A}.Release|Any CPU.ActiveCfg = Release|Any CPU
		{5A532D45-A790-4459-B440-24946E7DC61A}.Release|Any CPU.Build.0 = Release|Any CPU
	EndGlobalSection
	GlobalSection(SolutionProperties) = preSolution
		HideSolutionNode = FALSE
	EndGlobalSection
	GlobalSection(ExtensibilityGlobals) = postSolution
		SolutionGuid = {31A91E50-65CF-42B4-87CF-937BB407F7BD}
	EndGlobalSection
EndGlobal
